
Microsoft Visual Studio Solution File, Format Version 12.00
# Visual Studio Version 17
VisualStudioVersion = 17.0.31912.275
MinimumVisualStudioVersion = 10.0.40219.1
Project("{9A19103F-16F7-4668-BE54-9A1E7A4F7556}") = "SmartEmployee.Common", "SmartEmployee.Common\SmartEmployee.Common.csproj", "{982D7A46-0262-4D6B-89F0-D3D22D082B56}"
EndProject
Project("{9A19103F-16F7-4668-BE54-9A1E7A4F7556}") = "SmartEmployee.Web", "SmartEmployee.Web\SmartEmployee.Web.csproj", "{8B393497-0534-4B84-B62D-0B2581584DC6}"
EndProject
Global
	GlobalSection(SolutionConfigurationPlatforms) = preSolution
		Debug|Any CPU = Debug|Any CPU
		Release|Any CPU = Release|Any CPU
	EndGlobalSection
	GlobalSection(ProjectConfigurationPlatforms) = postSolution
		{982D7A46-0262-4D6B-89F0-D3D22D082B56}.Debug|Any CPU.ActiveCfg = Debug|Any CPU
		{982D7A46-0262-4D6B-89F0-D3D22D082B56}.Debug|Any CPU.Build.0 = Debug|Any CPU
		{982D7A46-0262-4D6B-89F0-D3D22D082B56}.Release|Any CPU.ActiveCfg = Release|Any CPU
		{982D7A46-0262-4D6B-89F0-D3D22D082B56}.Release|Any CPU.Build.0 = Release|Any CPU
		{8B393497-0534-4B84-B62D-0B2581584DC6}.Debug|Any CPU.ActiveCfg = Debug|Any CPU
		{8B393497-0534-4B84-B62D-0B2581584DC6}.Debug|Any CPU.Build.0 = Debug|Any CPU
		{8B393497-0534-4B84-B62D-0B2581584DC6}.Release|Any CPU.ActiveCfg = Release|Any CPU
		{8B393497-0534-4B84-B62D-0B2581584DC6}.Release|Any CPU.Build.0 = Release|Any CPU
	EndGlobalSection
	GlobalSection(SolutionProperties) = preSolution
		HideSolutionNode = FALSE
	EndGlobalSection
	GlobalSection(ExtensibilityGlobals) = postSolution
		SolutionGuid = {018473E9-0E76-4494-9FC2-9D60B61B73CC}
	EndGlobalSection
EndGlobal
